<?xml version="1.0" encoding="utf-8"?>
<Project ToolsVersion="4.0" xmlns="http://schemas.microsoft.com/developer/msbuild/2003">
  <ItemGroup>
    <Filter Include="Resources">
      <UniqueIdentifier>{67DA6AB6-F800-4c08-8B7A-83BB121AAD01}</UniqueIdentifier>
      <Extensions>rc;ico;cur;bmp;dlg;rc2;rct;bin;rgs;gif;jpg;jpeg;jpe;resx;tiff;tif;png;wav;mfcribbon-ms</Extensions>
    </Filter>
    <Filter Include="Source">
      <UniqueIdentifier>{9e9b0d18-8521-4cc2-93b5-226191e75f23}</UniqueIdentifier>
    </Filter>
    <Filter Include="Source\Private">
      <UniqueIdentifier>{4FC737F1-C7A5-4376-A066-2A32D752A2FF}</UniqueIdentifier>
      <Extensions>cpp;c;cc;cxx;c++;cppm;ixx;def;odl;idl;hpj;bat;asm;asmx</Extensions>
    </Filter>
    <Filter Include="Source\Public">
      <UniqueIdentifier>{93995380-89BD-4b04-88EB-625FBE52EBFB}</UniqueIdentifier>
      <Extensions>h;hh;hpp;hxx;h++;hm;inl;inc;ipp;xsd</Extensions>
    </Filter>
    <Filter Include="Source\pch">
      <UniqueIdentifier>{868eef19-a439-40c1-8b8c-26986ecce62f}</UniqueIdentifier>
    </Filter>
    <Filter Include="Source\Private\Platform">
      <UniqueIdentifier>{20b21884-ed9a-432c-9401-050737688366}</UniqueIdentifier>
    </Filter>
    <Filter Include="Source\Private\Platform\Win32">
      <UniqueIdentifier>{a7cbd522-648b-4fbf-a88f-06a4612fd7e0}</UniqueIdentifier>
    </Filter>
    <Filter Include="Source\Public\Platform">
      <UniqueIdentifier>{6a7cf9d3-bd66-4f88-85bf-99562137d719}</UniqueIdentifier>
    </Filter>
    <Filter Include="Source\Public\Platform\Win32">
      <UniqueIdentifier>{c2eac289-0bf6-471d-a08f-43737092e4c3}</UniqueIdentifier>
    </Filter>
    <Filter Include="Source\Private\common">
      <UniqueIdentifier>{d3b8adc1-2802-4b58-9a90-d7ad034d07d0}</UniqueIdentifier>
    </Filter>
    <Filter Include="Source\Public\common">
      <UniqueIdentifier>{4f08e68c-5299-45fa-99b4-ede403e3db35}</UniqueIdentifier>
    </Filter>
    <Filter Include="Source\Private\core">
      <UniqueIdentifier>{a9ddb043-7ed6-48da-a3c6-4857e4602a92}</UniqueIdentifier>
    </Filter>
    <Filter Include="Source\Public\core">
      <UniqueIdentifier>{c0e291b2-0c01-498d-8767-9564c2eea3d1}</UniqueIdentifier>
    </Filter>
  </ItemGroup>
  <ItemGroup>
    <ClCompile Include="src\FACEngine.cpp">
      <Filter>Source\pch</Filter>
    </ClCompile>
    <ClCompile Include="src\Platform\Win32\IApplication.cpp">
      <Filter>Source\Private\Platform\Win32</Filter>
    </ClCompile>
    <ClCompile Include="src\common\Logger.cpp">
      <Filter>Source\Private\common</Filter>
    </ClCompile>
    <ClCompile Include="src\core\PerGameSettings.cpp">
      <Filter>Source\Private\core</Filter>
    </ClCompile>
    <ClCompile Include="src\common\Time.cpp">
      <Filter>Source\Private\common</Filter>
    </ClCompile>
  </ItemGroup>
  <ItemGroup>
    <ClInclude Include="src\FACEngine.h">
      <Filter>Source\pch</Filter>
    </ClInclude>
    <ClInclude Include="src\Platform\Win32\IApplication.h">
      <Filter>Source\Public\Platform\Win32</Filter>
    </ClInclude>
    <ClInclude Include="src\Platform\Win32\WinEntry.h">
      <Filter>Source\Public\Platform\Win32</Filter>
    </ClInclude>
    <ClInclude Include="src\common\Logger.h">
      <Filter>Source\Public\common</Filter>
    </ClInclude>
    <ClInclude Include="src\core\PerGameSettings.h">
      <Filter>Source\Public\core</Filter>
    </ClInclude>
    <ClInclude Include="src\common\Time.h">
      <Filter>Source\Public\common</Filter>
    </ClInclude>
  </ItemGroup>
</Project>